{
  "name": "sae-presentation",
  "version": "1.0.0",
  "lockfileVersion": 2,
  "requires": true,
  "packages": {
    "": {
      "name": "sae-presentation",
      "version": "1.0.0",
      "license": "ISC",
      "dependencies": {
        "reveal.js": "^4.1.0"
      },
      "devDependencies": {
        "esbuild": "^0.9.5"
      }
    },
    "node_modules/esbuild": {
      "version": "0.9.5",
      "resolved": "https://registry.npmjs.org/esbuild/-/esbuild-0.9.5.tgz",
      "integrity": "sha512-ZBOtZX9HxgSdwkAroVifEUgylWqbOjqbu1i1ohRvhoaYt6aj81dxbizODx419gwDAupqut44ehFVwUq7WRN/OA==",
      "dev": true,
      "hasInstallScript": true,
      "bin": {
        "esbuild": "bin/esbuild"
      }
    },
    "node_modules/reveal.js": {
      "version": "4.1.0",
      "resolved": "https://registry.npmjs.org/reveal.js/-/reveal.js-4.1.0.tgz",
      "integrity": "sha512-lYOMhxSWgq5jtgspF7eRL0d2rBnHO/VGZ4/qp46yu+eGoWqJkYHEuepEXzx71M8MI6Rf8HBYWaTnKi5uHWcU1Q==",
      "engines": {
        "node": ">=10.0.0"
      }
    }
  },
  "dependencies": {
    "esbuild": {
      "version": "0.9.5",
      "resolved": "https://registry.npmjs.org/esbuild/-/esbuild-0.9.5.tgz",
      "integrity": "sha512-ZBOtZX9HxgSdwkAroVifEUgylWqbOjqbu1i1ohRvhoaYt6aj81dxbizODx419gwDAupqut44ehFVwUq7WRN/OA==",
      "dev": true
    },
    "reveal.js": {
      "version": "4.1.0",
      "resolved": "https://registry.npmjs.org/reveal.js/-/reveal.js-4.1.0.tgz",
      "integrity": "sha512-lYOMhxSWgq5jtgspF7eRL0d2rBnHO/VGZ4/qp46yu+eGoWqJkYHEuepEXzx71M8MI6Rf8HBYWaTnKi5uHWcU1Q=="
    }
  }
}
